
Microsoft Visual Studio Solution File, Format Version 12.00
# Visual Studio 15
VisualStudioVersion = 15.0.28307.852
MinimumVisualStudioVersion = 10.0.40219.1
Project("{FAE04EC0-301F-11D3-BF4B-00C04F79EFBC}") = "Capa de Prensentacion", "Cada de prensentacion\Capa de Prensentacion.csproj", "{8A84B831-0CED-4BEA-BCED-BB7FB26B33BC}"
EndProject
Project("{FAE04EC0-301F-11D3-BF4B-00C04F79EFBC}") = "CapaDatos", "CapaDatos\CapaDatos.csproj", "{FDF6A500-0018-44EB-AC2B-85F395E80328}"
EndProject
Project("{FAE04EC0-301F-11D3-BF4B-00C04F79EFBC}") = "CapaLogica", "CapaLogica\CapaLogica.csproj", "{D93BBF0E-A7A3-454C-BDD9-8DF5CD2A0FD6}"
EndProject
Global
	GlobalSection(SolutionConfigurationPlatforms) = preSolution
		Debug|Any CPU = Debug|Any CPU
		Release|Any CPU = Release|Any CPU
	EndGlobalSection
	GlobalSection(ProjectConfigurationPlatforms) = postSolution
		{8A84B831-0CED-4BEA-BCED-BB7FB26B33BC}.Debug|Any CPU.ActiveCfg = Debug|Any CPU
		{8A84B831-0CED-4BEA-BCED-BB7FB26B33BC}.Debug|Any CPU.Build.0 = Debug|Any CPU
		{8A84B831-0CED-4BEA-BCED-BB7FB26B33BC}.Release|Any CPU.ActiveCfg = Release|Any CPU
		{8A84B831-0CED-4BEA-BCED-BB7FB26B33BC}.Release|Any CPU.Build.0 = Release|Any CPU
		{FDF6A500-0018-44EB-AC2B-85F395E80328}.Debug|Any CPU.ActiveCfg = Debug|Any CPU
		{FDF6A500-0018-44EB-AC2B-85F395E80328}.Debug|Any CPU.Build.0 = Debug|Any CPU
		{FDF6A500-0018-44EB-AC2B-85F395E80328}.Release|Any CPU.ActiveCfg = Release|Any CPU
		{FDF6A500-0018-44EB-AC2B-85F395E80328}.Release|Any CPU.Build.0 = Release|Any CPU
		{D93BBF0E-A7A3-454C-BDD9-8DF5CD2A0FD6}.Debug|Any CPU.ActiveCfg = Debug|Any CPU
		{D93BBF0E-A7A3-454C-BDD9-8DF5CD2A0FD6}.Debug|Any CPU.Build.0 = Debug|Any CPU
		{D93BBF0E-A7A3-454C-BDD9-8DF5CD2A0FD6}.Release|Any CPU.ActiveCfg = Release|Any CPU
		{D93BBF0E-A7A3-454C-BDD9-8DF5CD2A0FD6}.Release|Any CPU.Build.0 = Release|Any CPU
	EndGlobalSection
	GlobalSection(SolutionProperties) = preSolution
		HideSolutionNode = FALSE
	EndGlobalSection
	GlobalSection(ExtensibilityGlobals) = postSolution
		SolutionGuid = {26CAF4E2-A7A8-40ED-ACFD-189243916FBE}
	EndGlobalSection
EndGlobal
